{
    "_meta": {
        "hash": {
            "sha256": "e29ff08b8116b0f752fb65b5c24ad4585f679715c58694aa8728921ba04e089a"
        },
        "pipfile-spec": 6,
        "requires": {
            "python_version": "3.7.4"
        },
        "sources": [
            {
                "name": "pypi",
                "url": "https://pypi.org/simple",
                "verify_ssl": true
            }
        ]
    },
    "default": {
        "certifi": {
            "hashes": [
                "sha256:e4f3620cfea4f83eedc95b24abd9cd56f3c4b146dd0177e83a21b4eb49e21e50",
                "sha256:fd7c7c74727ddcf00e9acd26bba8da604ffec95bf1c2144e67aff7a8b50e6cef"
            ],
            "version": "==2019.9.11"
        },
        "cffi": {
            "hashes": [
                "sha256:00d890313797d9fe4420506613384b43099ad7d2b905c0752dbcc3a6f14d80fa",
                "sha256:0cf9e550ac6c5e57b713437e2f4ac2d7fd0cd10336525a27224f5fc1ec2ee59a",
                "sha256:0ea23c9c0cdd6778146a50d867d6405693ac3b80a68829966c98dd5e1bbae400",
                "sha256:193697c2918ecdb3865acf6557cddf5076bb39f1f654975e087b67efdff83365",
                "sha256:1ae14b542bf3b35e5229439c35653d2ef7d8316c1fffb980f9b7647e544baa98",
                "sha256:1e389e069450609c6ffa37f21f40cce36f9be7643bbe5051ab1de99d5a779526",
                "sha256:263242b6ace7f9cd4ea401428d2d45066b49a700852334fd55311bde36dcda14",
                "sha256:33142ae9807665fa6511cfa9857132b2c3ee6ddffb012b3f0933fc11e1e830d5",
                "sha256:364f8404034ae1b232335d8c7f7b57deac566f148f7222cef78cf8ae28ef764e",
                "sha256:47368f69fe6529f8f49a5d146ddee713fc9057e31d61e8b6dc86a6a5e38cecc1",
                "sha256:4895640844f17bec32943995dc8c96989226974dfeb9dd121cc45d36e0d0c434",
                "sha256:558b3afef987cf4b17abd849e7bedf64ee12b28175d564d05b628a0f9355599b",
                "sha256:5ba86e1d80d458b338bda676fd9f9d68cb4e7a03819632969cf6d46b01a26730",
                "sha256:63424daa6955e6b4c70dc2755897f5be1d719eabe71b2625948b222775ed5c43",
                "sha256:6381a7d8b1ebd0bc27c3bc85bc1bfadbb6e6f756b4d4db0aa1425c3719ba26b4",
                "sha256:6381ab708158c4e1639da1f2a7679a9bbe3e5a776fc6d1fd808076f0e3145331",
                "sha256:6fd58366747debfa5e6163ada468a90788411f10c92597d3b0a912d07e580c36",
                "sha256:728ec653964655d65408949b07f9b2219df78badd601d6c49e28d604efe40599",
                "sha256:7cfcfda59ef1f95b9f729c56fe8a4041899f96b72685d36ef16a3440a0f85da8",
                "sha256:819f8d5197c2684524637f940445c06e003c4a541f9983fd30d6deaa2a5487d8",
                "sha256:825ecffd9574557590e3225560a8a9d751f6ffe4a49e3c40918c9969b93395fa",
                "sha256:8a2bcae2258d00fcfc96a9bde4a6177bc4274fe033f79311c5dd3d3148c26518",
                "sha256:9009e917d8f5ef780c2626e29b6bc126f4cb2a4d43ca67aa2b40f2a5d6385e78",
                "sha256:9c77564a51d4d914ed5af096cd9843d90c45b784b511723bd46a8a9d09cf16fc",
                "sha256:a19089fa74ed19c4fe96502a291cfdb89223a9705b1d73b3005df4256976142e",
                "sha256:a40ed527bffa2b7ebe07acc5a3f782da072e262ca994b4f2085100b5a444bbb2",
                "sha256:b8f09f21544b9899defb09afbdaeb200e6a87a2b8e604892940044cf94444644",
                "sha256:bb75ba21d5716abc41af16eac1145ab2e471deedde1f22c6f99bd9f995504df0",
                "sha256:e22a00c0c81ffcecaf07c2bfb3672fa372c50e2bd1024ffee0da191c1b27fc71",
                "sha256:e55b5a746fb77f10c83e8af081979351722f6ea48facea79d470b3731c7b2891",
                "sha256:ec2fa3ee81707a5232bf2dfbd6623fdb278e070d596effc7e2d788f2ada71a05",
                "sha256:fd82eb4694be712fcae03c717ca2e0fc720657ac226b80bbb597e971fc6928c2"
            ],
            "version": "==1.13.1"
        },
        "chardet": {
            "hashes": [
                "sha256:84ab92ed1c4d4f16916e05906b6b75a6c0fb5db821cc65e70cbd64a3e2a5eaae",
                "sha256:fc323ffcaeaed0e0a02bf4d117757b98aed530d9ed4531e3e15460124c106691"
            ],
            "version": "==3.0.4"
        },
        "cryptography": {
            "hashes": [
                "sha256:02079a6addc7b5140ba0825f542c0869ff4df9a69c360e339ecead5baefa843c",
                "sha256:1df22371fbf2004c6f64e927668734070a8953362cd8370ddd336774d6743595",
                "sha256:369d2346db5934345787451504853ad9d342d7f721ae82d098083e1f49a582ad",
                "sha256:3cda1f0ed8747339bbdf71b9f38ca74c7b592f24f65cdb3ab3765e4b02871651",
                "sha256:44ff04138935882fef7c686878e1c8fd80a723161ad6a98da31e14b7553170c2",
                "sha256:4b1030728872c59687badcca1e225a9103440e467c17d6d1730ab3d2d64bfeff",
                "sha256:58363dbd966afb4f89b3b11dfb8ff200058fbc3b947507675c19ceb46104b48d",
                "sha256:6ec280fb24d27e3d97aa731e16207d58bd8ae94ef6eab97249a2afe4ba643d42",
                "sha256:7270a6c29199adc1297776937a05b59720e8a782531f1f122f2eb8467f9aab4d",
                "sha256:73fd30c57fa2d0a1d7a49c561c40c2f79c7d6c374cc7750e9ac7c99176f6428e",
                "sha256:7f09806ed4fbea8f51585231ba742b58cbcfbfe823ea197d8c89a5e433c7e912",
                "sha256:90df0cc93e1f8d2fba8365fb59a858f51a11a394d64dbf3ef844f783844cc793",
                "sha256:971221ed40f058f5662a604bd1ae6e4521d84e6cad0b7b170564cc34169c8f13",
                "sha256:a518c153a2b5ed6b8cc03f7ae79d5ffad7315ad4569b2d5333a13c38d64bd8d7",
                "sha256:b0de590a8b0979649ebeef8bb9f54394d3a41f66c5584fff4220901739b6b2f0",
                "sha256:b43f53f29816ba1db8525f006fa6f49292e9b029554b3eb56a189a70f2a40879",
                "sha256:d31402aad60ed889c7e57934a03477b572a03af7794fa8fb1780f21ea8f6551f",
                "sha256:de96157ec73458a7f14e3d26f17f8128c959084931e8997b9e655a39c8fde9f9",
                "sha256:df6b4dca2e11865e6cfbfb708e800efb18370f5a46fd601d3755bc7f85b3a8a2",
                "sha256:ecadccc7ba52193963c0475ac9f6fa28ac01e01349a2ca48509667ef41ffd2cf",
                "sha256:fb81c17e0ebe3358486cd8cc3ad78adbae58af12fc2bf2bc0bb84e8090fa5ce8"
            ],
            "version": "==2.8"
        },
        "dj-database-url": {
            "hashes": [
                "sha256:4aeaeb1f573c74835b0686a2b46b85990571159ffc21aa57ecd4d1e1cb334163",
                "sha256:851785365761ebe4994a921b433062309eb882fedd318e1b0fcecc607ed02da9"
            ],
            "index": "pypi",
            "version": "==0.5.0"
        },
        "django": {
            "hashes": [
                "sha256:2f31cdaaeffdb1728614c4ede5f7101c5770aa90b471c1299d4a203bf00f3b05",
                "sha256:5314e8586285d532b7aa5c6d763b0248d9a977a37efec86d30f0212b82e8ef66"
            ],
            "index": "pypi",
            "version": "==1.11.25"
        },
        "django-appconf": {
            "hashes": [
                "sha256:35f13ca4d567f132b960e2cd4c832c2d03cb6543452d34e29b7ba10371ba80e3",
                "sha256:c98a7af40062e996b921f5962a1c4f3f0c979fa7885f7be4710cceb90ebe13a6"
            ],
            "index": "pypi",
            "version": "==1.0.3"
        },
        "django-bootstrap3": {
            "hashes": [
                "sha256:c417b25328fb8e97cb89e1f07d35632602d702e6eaca863328e833939d0d1743"
            ],
            "index": "pypi",
            "version": "==11.1.0"
        },
        "django-cities": {
            "hashes": [
                "sha256:e4c537f04cea1b63485ef4f96e92104b17dbedba32666d9b12d585644502d957"
            ],
            "index": "pypi",
            "version": "==0.5.0.6"
        },
        "django-extensions": {
            "hashes": [
                "sha256:a9db7c56a556d244184f589f2437b4228de86ee45e5ebb837fb20c6d54e95ea5",
                "sha256:b58320d3fe3d6ae7d1d8e38959713fa92272f4921e662d689058d942a5b444f7"
            ],
            "index": "pypi",
            "version": "==2.2.5"
        },
        "django-filter": {
            "hashes": [
                "sha256:558c727bce3ffa89c4a7a0b13bc8976745d63e5fd576b3a9a851650ef11c401b",
                "sha256:c3deb57f0dd7ff94d7dce52a047516822013e2b441bed472b722a317658cfd14"
            ],
            "index": "pypi",
            "version": "==2.2.0"
        },
        "django-material": {
            "hashes": [
                "sha256:27cff9f61796e5727475fdcef76f09dae32b7a91f036abf65b42c99057a497d3",
                "sha256:6c1053ea96fea65ace495999042ba9ca1781e21dfab92df6d82ff967a1bd3322"
            ],
            "index": "pypi",
            "version": "==1.5.8"
        },
        "django-model-utils": {
            "hashes": [
                "sha256:3f130a262e45d73e0950d2be76af4bf4ee86804dd60e5f90afc5cd948fcfe760",
                "sha256:682f58c1de330cedcda58cc85d5232c5b47a9e2cb67bef4541fb43fdaeb18e96"
            ],
            "index": "pypi",
            "version": "==3.2.0"
        },
        "django-recaptcha": {
            "hashes": [
                "sha256:3b19b9d972ca802b683eed5fd51ed84b0798f2a52f8d057a912eb7d99cff3779",
                "sha256:b6ce959cd7c0af7501698fab5f52ca1bcb6d9402cb3b8b42a4c4cb13d89cfbfa"
            ],
            "index": "pypi",
            "version": "==2.0.5"
        },
        "django-select2": {
            "hashes": [
                "sha256:7e5a3da54332cb94174a91e0a03177ce44c152049b0876424ba81fc805dbb89f",
                "sha256:f93b5b626e5c0e8ced24e1e31027eb4850649216e4132cdc3f3880c0bed241c9"
            ],
            "index": "pypi",
            "version": "==6.3.1"
        },
        "django-widget-tweaks": {
            "hashes": [
                "sha256:65c960f3d75008a285e4b10f4d21f9eae4160fd77a0f6097ad545185f8648bd6",
                "sha256:f2e2c9c9be1ccc59061e248dcc2144f4906d594abe1a563902f4bdf6aa14e432"
            ],
            "index": "pypi",
            "version": "==1.4.5"
        },
        "future": {
            "hashes": [
                "sha256:b1bead90b70cf6ec3f0710ae53a525360fa360d306a86583adc6bf83a4db537d"
            ],
            "version": "==0.18.2"
        },
        "gunicorn": {
            "hashes": [
                "sha256:aa8e0b40b4157b36a5df5e599f45c9c76d6af43845ba3b3b0efe2c70473c2471",
                "sha256:fa2662097c66f920f53f70621c6c58ca4a3c4d3434205e608e121b5b3b71f4f3"
            ],
            "index": "pypi",
            "version": "==19.9.0"
        },
        "idna": {
            "hashes": [
                "sha256:c357b3f628cf53ae2c4c05627ecc484553142ca23264e593d327bcde5e9c3407",
                "sha256:ea8b7f6188e6fa117537c3df7da9fc686d485087abf6ac197f9c46432f7e4a3c"
            ],
            "version": "==2.8"
        },
        "mailchimp3": {
            "hashes": [
                "sha256:3b16ef4b2db020019672dd06c76e2f3392978b134e98399cf246871b5ba30755",
                "sha256:65ff8b7d662fd437c8d0578cfef6b4d6775256005161dce4c4d852cf09903e20"
            ],
            "index": "pypi",
            "version": "==3.0.9"
        },
        "pillow": {
            "hashes": [
                "sha256:047d9473cf68af50ac85f8ee5d5f21a60f849bc17d348da7fc85711287a75031",
                "sha256:0f66dc6c8a3cc319561a633b6aa82c44107f12594643efa37210d8c924fc1c71",
                "sha256:12c9169c4e8fe0a7329e8658c7e488001f6b4c8e88740e76292c2b857af2e94c",
                "sha256:248cffc168896982f125f5c13e9317c059f74fffdb4152893339f3be62a01340",
                "sha256:27faf0552bf8c260a5cee21a76e031acaea68babb64daf7e8f2e2540745082aa",
                "sha256:285edafad9bc60d96978ed24d77cdc0b91dace88e5da8c548ba5937c425bca8b",
                "sha256:384b12c9aa8ef95558abdcb50aada56d74bc7cc131dd62d28c2d0e4d3aadd573",
                "sha256:38950b3a707f6cef09cd3cbb142474357ad1a985ceb44d921bdf7b4647b3e13e",
                "sha256:4aad1b88933fd6dc2846552b89ad0c74ddbba2f0884e2c162aa368374bf5abab",
                "sha256:4ac6148008c169603070c092e81f88738f1a0c511e07bd2bb0f9ef542d375da9",
                "sha256:4deb1d2a45861ae6f0b12ea0a786a03d19d29edcc7e05775b85ec2877cb54c5e",
                "sha256:59aa2c124df72cc75ed72c8d6005c442d4685691a30c55321e00ed915ad1a291",
                "sha256:5a47d2123a9ec86660fe0e8d0ebf0aa6bc6a17edc63f338b73ea20ba11713f12",
                "sha256:5cc901c2ab9409b4b7ac7b5bcc3e86ac14548627062463da0af3b6b7c555a871",
                "sha256:6c1db03e8dff7b9f955a0fb9907eb9ca5da75b5ce056c0c93d33100a35050281",
                "sha256:7ce80c0a65a6ea90ef9c1f63c8593fcd2929448613fc8da0adf3e6bfad669d08",
                "sha256:809c19241c14433c5d6135e1b6c72da4e3b56d5c865ad5736ab99af8896b8f41",
                "sha256:83792cb4e0b5af480588601467c0764242b9a483caea71ef12d22a0d0d6bdce2",
                "sha256:846fa202bd7ee0f6215c897a1d33238ef071b50766339186687bd9b7a6d26ac5",
                "sha256:9f5529fc02009f96ba95bea48870173426879dc19eec49ca8e08cd63ecd82ddb",
                "sha256:a423c2ea001c6265ed28700df056f75e26215fd28c001e93ef4380b0f05f9547",
                "sha256:ac4428094b42907aba5879c7c000d01c8278d451a3b7cccd2103e21f6397ea75",
                "sha256:b1ae48d87f10d1384e5beecd169c77502fcc04a2c00a4c02b85f0a94b419e5f9",
                "sha256:bf4e972a88f8841d8fdc6db1a75e0f8d763e66e3754b03006cbc3854d89f1cb1",
                "sha256:c6414f6aad598364aaf81068cabb077894eb88fed99c6a65e6e8217bab62ae7a",
                "sha256:c710fcb7ee32f67baf25aa9ffede4795fd5d93b163ce95fdc724383e38c9df96",
                "sha256:c7be4b8a09852291c3c48d3c25d1b876d2494a0a674980089ac9d5e0d78bd132",
                "sha256:c9e5ffb910b14f090ac9c38599063e354887a5f6d7e6d26795e916b4514f2c1a",
                "sha256:e0697b826da6c2472bb6488db4c0a7fa8af0d52fa08833ceb3681358914b14e5",
                "sha256:e9a3edd5f714229d41057d56ac0f39ad9bdba6767e8c888c951869f0bdd129b0"
            ],
            "index": "pypi",
            "version": "==6.2.1"
        },
        "psycopg2-binary": {
            "hashes": [
                "sha256:040234f8a4a8dfd692662a8308d78f63f31a97e1c42d2480e5e6810c48966a29",
                "sha256:086f7e89ec85a6704db51f68f0dcae432eff9300809723a6e8782c41c2f48e03",
                "sha256:18ca813fdb17bc1db73fe61b196b05dd1ca2165b884dd5ec5568877cabf9b039",
                "sha256:19dc39616850342a2a6db70559af55b22955f86667b5f652f40c0e99253d9881",
                "sha256:2166e770cb98f02ed5ee2b0b569d40db26788e0bf2ec3ae1a0d864ea6f1d8309",
                "sha256:3a2522b1d9178575acee4adf8fd9f979f9c0449b00b4164bb63c3475ea6528ed",
                "sha256:3aa773580f85a28ffdf6f862e59cb5a3cc7ef6885121f2de3fca8d6ada4dbf3b",
                "sha256:3b5deaa3ee7180585a296af33e14c9b18c218d148e735c7accf78130765a47e3",
                "sha256:407af6d7e46593415f216c7f56ba087a9a42bd6dc2ecb86028760aa45b802bd7",
                "sha256:4c3c09fb674401f630626310bcaf6cd6285daf0d5e4c26d6e55ca26a2734e39b",
                "sha256:4c6717962247445b4f9e21c962ea61d2e884fc17df5ddf5e35863b016f8a1f03",
                "sha256:50446fae5681fc99f87e505d4e77c9407e683ab60c555ec302f9ac9bffa61103",
                "sha256:5057669b6a66aa9ca118a2a860159f0ee3acf837eda937bdd2a64f3431361a2d",
                "sha256:5dd90c5438b4f935c9d01fcbad3620253da89d19c1f5fca9158646407ed7df35",
                "sha256:659c815b5b8e2a55193ede2795c1e2349b8011497310bb936da7d4745652823b",
                "sha256:69b13fdf12878b10dc6003acc8d0abf3ad93e79813fd5f3812497c1c9fb9be49",
                "sha256:7a1cb80e35e1ccea3e11a48afe65d38744a0e0bde88795cc56a4d05b6e4f9d70",
                "sha256:7e6e3c52e6732c219c07bd97fff6c088f8df4dae3b79752ee3a817e6f32e177e",
                "sha256:7f42a8490c4fe854325504ce7a6e4796b207960dabb2cbafe3c3959cb00d1d7e",
                "sha256:84156313f258eafff716b2961644a4483a9be44a5d43551d554844d15d4d224e",
                "sha256:8578d6b8192e4c805e85f187bc530d0f52ba86c39172e61cd51f68fddd648103",
                "sha256:890167d5091279a27e2505ff0e1fb273f8c48c41d35c5b92adbf4af80e6b2ed6",
                "sha256:9aadff9032e967865f9778485571e93908d27dab21d0fdfdec0ca779bb6f8ad9",
                "sha256:9f24f383a298a0c0f9b3113b982e21751a8ecde6615494a3f1470eb4a9d70e9e",
                "sha256:a73021b44813b5c84eda4a3af5826dd72356a900bac9bd9dd1f0f81ee1c22c2f",
                "sha256:afd96845e12638d2c44d213d4810a08f4dc4a563f9a98204b7428e567014b1cd",
                "sha256:b73ddf033d8cd4cc9dfed6324b1ad2a89ba52c410ef6877998422fcb9c23e3a8",
                "sha256:dbc5cd56fff1a6152ca59445178652756f4e509f672e49ccdf3d79c1043113a4",
                "sha256:eac8a3499754790187bb00574ab980df13e754777d346f85e0ff6df929bcd964",
                "sha256:eaed1c65f461a959284649e37b5051224f4db6ebdc84e40b5e65f2986f101a08"
            ],
            "index": "pypi",
            "version": "==2.8.4"
        },
        "pycparser": {
            "hashes": [
                "sha256:a988718abfad80b6b157acce7bf130a30876d27603738ac39f140993246b25b3"
            ],
            "version": "==2.19"
        },
        "python-dateutil": {
            "hashes": [
                "sha256:7e6584c74aeed623791615e26efd690f29817a27c73085b78e4bad02493df2fb",
                "sha256:c89805f6f4d64db21ed966fda138f8a5ed7a4fdbc1a8ee329ce1b74e3c74da9e"
            ],
            "index": "pypi",
            "version": "==2.8.0"
        },
        "python-decouple": {
            "hashes": [
                "sha256:1317df14b43efee4337a4aa02914bf004f010cd56d6c4bd894e6474ec8c4fe2d"
            ],
            "index": "pypi",
            "version": "==3.1"
        },
        "python-http-client": {
            "hashes": [
                "sha256:01f58f1871612fdce6a4545df7c867a6d1457695652a7ca48d5c22e5bf57628d",
                "sha256:c2776054245db376ea26c859b80e9280b1a470b96ed998d60d35951f89bbbe79",
                "sha256:e455ae0dfd5819ac483f7fecf08ab8693048d9dc47a0a6fe0d4aebf86d9d1d17"
            ],
            "version": "==3.2.1"
        },
        "python-telegram-bot": {
            "hashes": [
                "sha256:346d42771c2b23384c59f5f41e05bd7e801a0ce118d8dcb95209bb73d5f694c5",
                "sha256:3beee89cba3bc3217566c96199f04776dd25f541ac8992da27fd247b2d208a14"
            ],
            "index": "pypi",
            "version": "==12.2.0"
        },
        "pytz": {
            "hashes": [
                "sha256:1c557d7d0e871de1f5ccd5833f60fb2550652da6be2693c1e02300743d21500d",
                "sha256:b02c06db6cf09c12dd25137e563b31700d3b80fcc4ad23abb7a315f2789819be"
            ],
            "index": "pypi",
            "version": "==2019.3"
        },
        "raven": {
            "hashes": [
                "sha256:3fa6de6efa2493a7c827472e984ce9b020797d0da16f1db67197bcc23c8fae54",
                "sha256:44a13f87670836e153951af9a3c80405d36b43097db869a36e92809673692ce4"
            ],
            "index": "pypi",
            "version": "==6.10.0"
        },
        "requests": {
            "hashes": [
                "sha256:11e007a8a2aa0323f5a921e9e6a2d7e4e67d9877e85773fba9ba6419025cbeb4",
                "sha256:9cf5292fcd0f598c671cfc1e0d7d1a7f13bb8085e9a590f48c010551dc6c4b31"
            ],
            "index": "pypi",
            "version": "==2.22.0"
        },
        "restless": {
            "hashes": [
                "sha256:f66b590cd1a248fd60a7f6540dff318a180bcbf073eefa16ac5ea978c161087b"
            ],
            "index": "pypi",
            "version": "==2.1.1"
        },
        "sendgrid": {
            "hashes": [
                "sha256:9fba62068dd13922004b6a1676e21c6435709aaf7c2b978cdf1206e3d2196c60",
                "sha256:d1af52f8cbb900bf79e28aa08102a503f5e26489c7b9f1d9750758a4b27c84d1"
            ],
            "index": "pypi",
            "version": "==3.6.5"
        },
        "sendgrid-django": {
            "hashes": [
                "sha256:fef60ba37d588e5e1c4dcbb3b8b7f8c16920e3e89432de357f6abd6157c4f5f4"
            ],
            "index": "pypi",
            "version": "==4.2.0"
        },
        "six": {
            "hashes": [
                "sha256:3350809f0555b11f552448330d0b52d5f24c91a322ea4a15ef22629740f3761c",
                "sha256:d16a0141ec1a18405cd4ce8b4613101da75da0e9a7aec5bdd4fa804d0e0eba73"
            ],
            "version": "==1.12.0"
        },
        "swapper": {
            "hashes": [
                "sha256:a5cf78bb9b5fcf458188067bb4fbcc248d4224205a3d1a54d1b835429b0d72c9",
                "sha256:bc0928ad9badbd7a445588468e4c956ddf9d0dabc2ca27ea2cc73f646cb892b0"
            ],
            "version": "==1.1.1"
        },
        "tornado": {
            "hashes": [
                "sha256:349884248c36801afa19e342a77cc4458caca694b0eda633f5878e458a44cb2c",
                "sha256:398e0d35e086ba38a0427c3b37f4337327231942e731edaa6e9fd1865bbd6f60",
                "sha256:4e73ef678b1a859f0cb29e1d895526a20ea64b5ffd510a2307b5998c7df24281",
                "sha256:559bce3d31484b665259f50cd94c5c28b961b09315ccd838f284687245f416e5",
                "sha256:abbe53a39734ef4aba061fca54e30c6b4639d3e1f59653f0da37a0003de148c7",
                "sha256:c845db36ba616912074c5b1ee897f8e0124df269468f25e4fe21fe72f6edd7a9",
                "sha256:c9399267c926a4e7c418baa5cbe91c7d1cf362d505a1ef898fde44a07c9dd8a5"
            ],
            "version": "==6.0.3"
        },
        "tqdm": {
            "hashes": [
                "sha256:94d2a64582150f503a294b3b8889413e7e56d6043473d6a5672d46185b043902",
                "sha256:fca09992116d6dc3ad9789cf601a254081eb40d5c14c1863ab6cd10e15c2cb26"
            ],
            "index": "pypi",
            "version": "==4.37.0"
        },
        "urllib3": {
            "hashes": [
                "sha256:3de946ffbed6e6746608990594d08faac602528ac7015ac28d33cee6a45b7398",
                "sha256:9a107b99a5393caf59c7aa3c1249c16e6879447533d0887f4336dde834c7be86"
            ],
            "version": "==1.25.6"
        },
        "whitenoise": {
            "hashes": [
                "sha256:22f79cf8f1f509639330f93886acaece8ec5ac5e9600c3b981d33c34e8a42dfd",
                "sha256:6dfea214b7c12efd689007abf9afa87a426586e9dbc051873ad2c8e535e2a1ac"
            ],
            "index": "pypi",
            "version": "==4.1.4"
        }
    },
    "develop": {
        "appdirs": {
            "hashes": [
                "sha256:9e5896d1372858f8dd3344faf4e5014d21849c756c8d5701f78f8a103b372d92",
                "sha256:d8b24664561d0d34ddfaec54636d502d7cea6e29c3eaf68f3df6180863e2166e"
            ],
            "version": "==1.4.3"
        },
        "appnope": {
            "hashes": [
                "sha256:5b26757dc6f79a3b7dc9fab95359328d5747fcb2409d331ea66d0272b90ab2a0",
                "sha256:8b995ffe925347a2138d7ac0fe77155e4311a0ea6d6da4f5128fe4b3cbe5ed71"
            ],
            "markers": "sys_platform == 'darwin'",
            "version": "==0.1.0"
        },
        "asgiref": {
            "hashes": [
                "sha256:7e06d934a7718bf3975acbf87780ba678957b87c7adc056f13b6215d610695a0",
                "sha256:ea448f92fc35a0ef4b1508f53a04c4670255a3f33d22a81c8fc9c872036adbe5"
            ],
            "version": "==3.2.3"
        },
        "attrs": {
            "hashes": [
                "sha256:08a96c641c3a74e44eb59afb61a24f2cb9f4d7188748e76ba4bb5edfa3cb7d1c",
                "sha256:f7b7ce16570fe9965acd6d30101a28f62fb4a7f9e926b3bbc9b61f8b04247e72"
            ],
            "version": "==19.3.0"
        },
        "backcall": {
            "hashes": [
                "sha256:38ecd85be2c1e78f77fd91700c76e14667dc21e2713b63876c0eb901196e01e4",
                "sha256:bbbf4b1e5cd2bdb08f915895b51081c041bac22394fdfcfdfbe9f14b77c08bf2"
            ],
            "version": "==0.1.0"
        },
        "black": {
            "hashes": [
                "sha256:1b30e59be925fafc1ee4565e5e08abef6b03fe455102883820fe5ee2e4734e0b",
                "sha256:c2edb73a08e9e0e6f65a0e6af18b059b8b1cdd5bef997d7a0b181df93dc81539"
            ],
            "index": "pypi",
            "version": "==19.10b0"
        },
        "certifi": {
            "hashes": [
                "sha256:e4f3620cfea4f83eedc95b24abd9cd56f3c4b146dd0177e83a21b4eb49e21e50",
                "sha256:fd7c7c74727ddcf00e9acd26bba8da604ffec95bf1c2144e67aff7a8b50e6cef"
            ],
            "version": "==2019.9.11"
        },
        "chardet": {
            "hashes": [
                "sha256:84ab92ed1c4d4f16916e05906b6b75a6c0fb5db821cc65e70cbd64a3e2a5eaae",
                "sha256:fc323ffcaeaed0e0a02bf4d117757b98aed530d9ed4531e3e15460124c106691"
            ],
            "version": "==3.0.4"
        },
        "click": {
            "hashes": [
                "sha256:2335065e6395b9e67ca716de5f7526736bfa6ceead690adf616d925bdc622b13",
                "sha256:5b94b49521f6456670fdb30cd82a4eca9412788a93fa6dd6df72c94d5a8ff2d7"
            ],
            "version": "==7.0"
        },
        "coverage": {
            "hashes": [
                "sha256:17a417c691de3fc88de027832267313e5ed2b2ea3956745b562c4c389e44d05b",
                "sha256:24307e67ebd9dc06fcbab9b7fef87412a97746c1baabb04ed8a93d5c2ccfe5ba",
                "sha256:2a5d44a9d8426bd3699123864e63f008dc8dea9df22d5216a141a25d4670f22c",
                "sha256:3726b8f5461e103a40e380f52b4b4ccdf2eda55d5d72f037cee43627992b4462",
                "sha256:39dd15bbc4880a64399e180925bbc21c0c316a3065f6455d2512039f5cb59b94",
                "sha256:3bb121f5dd156aab4fba2ebad6b0ad605bc5dc305931140dc614b101aa9d81ed",
                "sha256:3bfdea9226eaed97736c973a7d6d0bbf9e1c1f1c7391c8e9c2bb2d0dbae49156",
                "sha256:43be906a16239c1aa9f3742e3e6b0a5dd24781a13ce401f063262e9b4e93b69f",
                "sha256:4a54cac1b39b2925041a41bcd1f191898fe401618627d7c3abf127c32a1c6dd1",
                "sha256:4e58d65b90d6f26b3ccca7cf0fe573ef847347b8734af596a087a21eebb681f5",
                "sha256:50229727d9baf0cd7f5ee6b194bf9dea708e9a20823d93f9e04d710b0a60e757",
                "sha256:5141cdb010e9cd6939e37b8c2769d535cb535d80ef94f927c8a306f2e05a4736",
                "sha256:748ba2b950425b9aef9d1bde2d6af7023585505016bd634e578f76ada4a30465",
                "sha256:75e635bc6730c88b04421b25a0afc47b9b80efc1ed57630839196eb475722e50",
                "sha256:78556f51dbfb33f18794eee29a4a8542fd2e301aa0d072653930793974dced03",
                "sha256:7de17133509210ecc256535bab2f9a5547f3016c44f984fe12b4c10d81a4623f",
                "sha256:83bf376555898fe2dc50d111a34b0152b504e454ed1e13cdcda6e5d50ba0ed5b",
                "sha256:87730b5e4c3a42674fe8f0ecbb0d556c59c7e12b11a65c2178f2787252a80dfd",
                "sha256:9bb7819c020c20c6200764879f0b10b323d6d4719aa7b0ae316c9e35730f9e2d",
                "sha256:9c825788acb13d49ac20455433f3b862029aa497e97faba8c998555a042a6b91",
                "sha256:b2bb4941c8838fc9ea2fca3c52e6dd865d39bbbc014bde249161bf8fcccf2152",
                "sha256:c1b44c6c680f137910cb0f5481a2ae9899787ca7019f110a3708d9e99df941be",
                "sha256:c52c2bc67bd3ff8db685f7c5f03e34a95bddd58a535630161f28d1c485d61e22",
                "sha256:d6845e46338695c571759be1c770b013c477111e785b26151ec9feb6cd063543",
                "sha256:e292b32dfc80d9f271af2d52df95455248322156e764763c4bfb2385b2e33533"
            ],
            "index": "pypi",
            "version": "==5.0a8"
        },
        "decorator": {
            "hashes": [
                "sha256:54c38050039232e1db4ad7375cfce6748d7b41c29e95a081c8a6d2c30364a2ce",
                "sha256:5d19b92a3c8f7f101c8dd86afd86b0f061a8ce4540ab8cd401fa2542756bce6d"
            ],
            "version": "==4.4.1"
        },
        "django": {
            "hashes": [
                "sha256:2f31cdaaeffdb1728614c4ede5f7101c5770aa90b471c1299d4a203bf00f3b05",
                "sha256:5314e8586285d532b7aa5c6d763b0248d9a977a37efec86d30f0212b82e8ef66"
            ],
            "index": "pypi",
            "version": "==1.11.25"
        },
        "idna": {
            "hashes": [
                "sha256:c357b3f628cf53ae2c4c05627ecc484553142ca23264e593d327bcde5e9c3407",
                "sha256:ea8b7f6188e6fa117537c3df7da9fc686d485087abf6ac197f9c46432f7e4a3c"
            ],
            "version": "==2.8"
        },
        "ipdb": {
            "hashes": [
                "sha256:473fdd798a099765f093231a8b1fabfa95b0b682fce12de0c74b61a4b4d8ee57"
            ],
            "index": "pypi",
            "version": "==0.12.2"
        },
        "ipython": {
            "hashes": [
                "sha256:dfd303b270b7b5232b3d08bd30ec6fd685d8a58cabd54055e3d69d8f029f7280",
                "sha256:ed7ebe1cba899c1c3ccad6f7f1c2d2369464cc77dba8eebc65e2043e19cda995"
            ],
            "index": "pypi",
            "version": "==7.9.0"
        },
        "ipython-genutils": {
            "hashes": [
                "sha256:72dd37233799e619666c9f639a9da83c34013a73e8bbc79a7a6348d93c61fab8",
                "sha256:eb2e116e75ecef9d4d228fdc66af54269afa26ab4463042e33785b887c628ba8"
            ],
            "version": "==0.2.0"
        },
        "isort": {
            "hashes": [
                "sha256:54da7e92468955c4fceacd0c86bd0ec997b0e1ee80d97f67c35a78b719dccab1",
                "sha256:6e811fcb295968434526407adb8796944f1988c5b65e8139058f2014cbe100fd"
            ],
            "index": "pypi",
            "version": "==4.3.21"
        },
        "jedi": {
            "hashes": [
                "sha256:786b6c3d80e2f06fd77162a07fed81b8baa22dde5d62896a790a331d6ac21a27",
                "sha256:ba859c74fa3c966a22f2aeebe1b74ee27e2a462f56d3f5f7ca4a59af61bfe42e"
            ],
            "version": "==0.15.1"
        },
        "model-mommy": {
            "hashes": [
                "sha256:3d332afce941c57f1990f45b083ba13252ba74fcd1ae43fd047e5af7a70fb312",
                "sha256:40d6e740aad7509e696a324b94cf2b0a104da93c3d4a7924cea1be3d0eb95b4f"
            ],
            "index": "pypi",
            "version": "==2.0.0"
        },
        "nose": {
            "hashes": [
                "sha256:9ff7c6cc443f8c51994b34a667bbcf45afd6d945be7477b52e97516fd17c53ac",
                "sha256:dadcddc0aefbf99eea214e0f1232b94f2fa9bd98fa8353711dacb112bfcbbb2a",
                "sha256:f1bffef9cbc82628f6e7d7b40d7e255aefaa1adb6a1b1d26c69a8b79e6208a98"
            ],
            "index": "pypi",
            "version": "==1.3.7"
        },
        "parso": {
            "hashes": [
                "sha256:63854233e1fadb5da97f2744b6b24346d2750b85965e7e399bec1620232797dc",
                "sha256:666b0ee4a7a1220f65d367617f2cd3ffddff3e205f3f16a0284df30e774c2a9c"
            ],
            "version": "==0.5.1"
        },
        "pathspec": {
            "hashes": [
                "sha256:e285ccc8b0785beadd4c18e5708b12bb8fcf529a1e61215b3feff1d1e559ea5c"
            ],
            "version": "==0.6.0"
        },
        "pexpect": {
            "hashes": [
                "sha256:2094eefdfcf37a1fdbfb9aa090862c1a4878e5c7e0e7e7088bdb511c558e5cd1",
                "sha256:9e2c1fd0e6ee3a49b28f95d4b33bc389c89b20af6a1255906e90ff1262ce62eb"
            ],
            "markers": "sys_platform != 'win32'",
            "version": "==4.7.0"
        },
        "pickleshare": {
            "hashes": [
                "sha256:87683d47965c1da65cdacaf31c8441d12b8044cdec9aca500cd78fc2c683afca",
                "sha256:9649af414d74d4df115d5d718f82acb59c9d418196b7b4290ed47a12ce62df56"
            ],
            "version": "==0.7.5"
        },
        "prompt-toolkit": {
            "hashes": [
                "sha256:46642344ce457641f28fc9d1c9ca939b63dadf8df128b86f1b9860e59c73a5e4",
                "sha256:e7f8af9e3d70f514373bf41aa51bc33af12a6db3f71461ea47fea985defb2c31",
                "sha256:f15af68f66e664eaa559d4ac8a928111eebd5feda0c11738b5998045224829db"
            ],
            "version": "==2.0.10"
        },
        "ptyprocess": {
            "hashes": [
                "sha256:923f299cc5ad920c68f2bc0bc98b75b9f838b93b599941a6b63ddbc2476394c0",
                "sha256:d7cc528d76e76342423ca640335bd3633420dc1366f258cb31d05e865ef5ca1f"
            ],
            "version": "==0.6.0"
        },
        "pygments": {
            "hashes": [
                "sha256:71e430bc85c88a430f000ac1d9b331d2407f681d6f6aec95e8bcfbc3df5b0127",
                "sha256:881c4c157e45f30af185c1ffe8d549d48ac9127433f2c380c24b84572ad66297"
            ],
            "version": "==2.4.2"
        },
        "pytz": {
            "hashes": [
                "sha256:1c557d7d0e871de1f5ccd5833f60fb2550652da6be2693c1e02300743d21500d",
                "sha256:b02c06db6cf09c12dd25137e563b31700d3b80fcc4ad23abb7a315f2789819be"
            ],
            "index": "pypi",
            "version": "==2019.3"
        },
        "regex": {
            "hashes": [
                "sha256:15454b37c5a278f46f7aa2d9339bda450c300617ca2fca6558d05d870245edc7",
                "sha256:1ad40708c255943a227e778b022c6497c129ad614bb7a2a2f916e12e8a359ee7",
                "sha256:5e00f65cc507d13ab4dfa92c1232d004fa202c1d43a32a13940ab8a5afe2fb96",
                "sha256:604dc563a02a74d70ae1f55208ddc9bfb6d9f470f6d1a5054c4bd5ae58744ab1",
                "sha256:720e34a539a76a1fedcebe4397290604cc2bdf6f81eca44adb9fb2ea071c0c69",
                "sha256:7caf47e4a9ac6ef08cabd3442cc4ca3386db141fb3c8b2a7e202d0470028e910",
                "sha256:c31eaf28c6fe75ea329add0022efeed249e37861c19681960f99bbc7db981fb2",
                "sha256:c7393597191fc2043c744db021643549061e12abe0b3ff5c429d806de7b93b66",
                "sha256:d2b302f8cdd82c8f48e9de749d1d17f85ce9a0f082880b9a4859f66b07037dc6",
                "sha256:e3d8dd0ec0ea280cf89026b0898971f5750a7bd92cb62c51af5a52abd020054a",
                "sha256:ec032cbfed59bd5a4b8eab943c310acfaaa81394e14f44454ad5c9eba4f24a74"
            ],
            "version": "==2019.11.1"
        },
        "requests": {
            "hashes": [
                "sha256:11e007a8a2aa0323f5a921e9e6a2d7e4e67d9877e85773fba9ba6419025cbeb4",
                "sha256:9cf5292fcd0f598c671cfc1e0d7d1a7f13bb8085e9a590f48c010551dc6c4b31"
            ],
            "index": "pypi",
            "version": "==2.22.0"
        },
        "responses": {
            "hashes": [
                "sha256:502d9c0c8008439cfcdef7e251f507fcfdd503b56e8c0c87c3c3e3393953f790",
                "sha256:97193c0183d63fba8cd3a041c75464e4b09ea0aff6328800d1546598567dde0b"
            ],
            "index": "pypi",
            "version": "==0.10.6"
        },
        "six": {
            "hashes": [
                "sha256:3350809f0555b11f552448330d0b52d5f24c91a322ea4a15ef22629740f3761c",
                "sha256:d16a0141ec1a18405cd4ce8b4613101da75da0e9a7aec5bdd4fa804d0e0eba73"
            ],
            "version": "==1.12.0"
        },
        "sqlparse": {
            "hashes": [
                "sha256:40afe6b8d4b1117e7dff5504d7a8ce07d9a1b15aeeade8a2d10f130a834f8177",
                "sha256:7c3dca29c022744e95b547e867cee89f4fce4373f3549ccd8797d8eb52cdb873"
            ],
            "version": "==0.3.0"
        },
        "toml": {
            "hashes": [
                "sha256:229f81c57791a41d65e399fc06bf0848bab550a9dfd5ed66df18ce5f05e73d5c",
                "sha256:235682dd292d5899d361a811df37e04a8828a5b1da3115886b73cf81ebc9100e"
            ],
            "version": "==0.10.0"
        },
        "traitlets": {
            "hashes": [
                "sha256:70b4c6a1d9019d7b4f6846832288f86998aa3b9207c6821f3578a6a6a467fe44",
                "sha256:d023ee369ddd2763310e4c3eae1ff649689440d4ae59d7485eb4cfbbe3e359f7"
            ],
            "version": "==4.3.3"
        },
        "typed-ast": {
            "hashes": [
                "sha256:1170afa46a3799e18b4c977777ce137bb53c7485379d9706af8a59f2ea1aa161",
                "sha256:18511a0b3e7922276346bcb47e2ef9f38fb90fd31cb9223eed42c85d1312344e",
                "sha256:262c247a82d005e43b5b7f69aff746370538e176131c32dda9cb0f324d27141e",
                "sha256:2b907eb046d049bcd9892e3076c7a6456c93a25bebfe554e931620c90e6a25b0",
                "sha256:354c16e5babd09f5cb0ee000d54cfa38401d8b8891eefa878ac772f827181a3c",
                "sha256:48e5b1e71f25cfdef98b013263a88d7145879fbb2d5185f2a0c79fa7ebbeae47",
                "sha256:4e0b70c6fc4d010f8107726af5fd37921b666f5b31d9331f0bd24ad9a088e631",
                "sha256:630968c5cdee51a11c05a30453f8cd65e0cc1d2ad0d9192819df9978984529f4",
                "sha256:66480f95b8167c9c5c5c87f32cf437d585937970f3fc24386f313a4c97b44e34",
                "sha256:71211d26ffd12d63a83e079ff258ac9d56a1376a25bc80b1cdcdf601b855b90b",
                "sha256:7954560051331d003b4e2b3eb822d9dd2e376fa4f6d98fee32f452f52dd6ebb2",
                "sha256:838997f4310012cf2e1ad3803bce2f3402e9ffb71ded61b5ee22617b3a7f6b6e",
                "sha256:95bd11af7eafc16e829af2d3df510cecfd4387f6453355188342c3e79a2ec87a",
                "sha256:bc6c7d3fa1325a0c6613512a093bc2a2a15aeec350451cbdf9e1d4bffe3e3233",
                "sha256:cc34a6f5b426748a507dd5d1de4c1978f2eb5626d51326e43280941206c209e1",
                "sha256:d755f03c1e4a51e9b24d899561fec4ccaf51f210d52abdf8c07ee2849b212a36",
                "sha256:d7c45933b1bdfaf9f36c579671fec15d25b06c8398f113dab64c18ed1adda01d",
                "sha256:d896919306dd0aa22d0132f62a1b78d11aaf4c9fc5b3410d3c666b818191630a",
                "sha256:fdc1c9bbf79510b76408840e009ed65958feba92a88833cdceecff93ae8fff66",
                "sha256:ffde2fbfad571af120fcbfbbc61c72469e72f550d676c3342492a9dfdefb8f12"
            ],
            "version": "==1.4.0"
        },
        "urllib3": {
            "hashes": [
                "sha256:3de946ffbed6e6746608990594d08faac602528ac7015ac28d33cee6a45b7398",
                "sha256:9a107b99a5393caf59c7aa3c1249c16e6879447533d0887f4336dde834c7be86"
            ],
            "version": "==1.25.6"
        },
        "wcwidth": {
            "hashes": [
                "sha256:3df37372226d6e63e1b1e1eda15c594bca98a22d33a23832a90998faa96bc65e",
                "sha256:f4ebe71925af7b40a864553f761ed559b43544f8f71746c2d756c7fe788ade7c"
            ],
            "version": "==0.1.7"
        }
    }
}
