{
    "_meta": {
        "hash": {
            "sha256": "8c0371d2b3bba8f2134a0393a51e1eb1a62c39f200ba0a253957e106b1ba8e2d"
        },
        "pipfile-spec": 6,
        "requires": {
            "python_version": "3.7.4"
        },
        "sources": [
            {
                "name": "pypi",
                "url": "https://pypi.org/simple",
                "verify_ssl": true
            }
        ]
    },
    "default": {
        "certifi": {
            "hashes": [
                "sha256:017c25db2a153ce562900032d5bc68e9f191e44e9a0f762f373977de9df1fbb3",
                "sha256:25b64c7da4cd7479594d035c08c2d809eb4aab3a26e5a990ea98cc450c320f1f"
            ],
            "version": "==2019.11.28"
        },
        "cffi": {
            "hashes": [
                "sha256:001bf3242a1bb04d985d63e138230802c6c8d4db3668fb545fb5005ddf5bb5ff",
                "sha256:00789914be39dffba161cfc5be31b55775de5ba2235fe49aa28c148236c4e06b",
                "sha256:028a579fc9aed3af38f4892bdcc7390508adabc30c6af4a6e4f611b0c680e6ac",
                "sha256:14491a910663bf9f13ddf2bc8f60562d6bc5315c1f09c704937ef17293fb85b0",
                "sha256:1cae98a7054b5c9391eb3249b86e0e99ab1e02bb0cc0575da191aedadbdf4384",
                "sha256:2089ed025da3919d2e75a4d963d008330c96751127dd6f73c8dc0c65041b4c26",
                "sha256:2d384f4a127a15ba701207f7639d94106693b6cd64173d6c8988e2c25f3ac2b6",
                "sha256:337d448e5a725bba2d8293c48d9353fc68d0e9e4088d62a9571def317797522b",
                "sha256:399aed636c7d3749bbed55bc907c3288cb43c65c4389964ad5ff849b6370603e",
                "sha256:3b911c2dbd4f423b4c4fcca138cadde747abdb20d196c4a48708b8a2d32b16dd",
                "sha256:3d311bcc4a41408cf5854f06ef2c5cab88f9fded37a3b95936c9879c1640d4c2",
                "sha256:62ae9af2d069ea2698bf536dcfe1e4eed9090211dbaafeeedf5cb6c41b352f66",
                "sha256:66e41db66b47d0d8672d8ed2708ba91b2f2524ece3dee48b5dfb36be8c2f21dc",
                "sha256:675686925a9fb403edba0114db74e741d8181683dcf216be697d208857e04ca8",
                "sha256:7e63cbcf2429a8dbfe48dcc2322d5f2220b77b2e17b7ba023d6166d84655da55",
                "sha256:8a6c688fefb4e1cd56feb6c511984a6c4f7ec7d2a1ff31a10254f3c817054ae4",
                "sha256:8c0ffc886aea5df6a1762d0019e9cb05f825d0eec1f520c51be9d198701daee5",
                "sha256:95cd16d3dee553f882540c1ffe331d085c9e629499ceadfbda4d4fde635f4b7d",
                "sha256:99f748a7e71ff382613b4e1acc0ac83bf7ad167fb3802e35e90d9763daba4d78",
                "sha256:b8c78301cefcf5fd914aad35d3c04c2b21ce8629b5e4f4e45ae6812e461910fa",
                "sha256:c420917b188a5582a56d8b93bdd8e0f6eca08c84ff623a4c16e809152cd35793",
                "sha256:c43866529f2f06fe0edc6246eb4faa34f03fe88b64a0a9a942561c8e22f4b71f",
                "sha256:cab50b8c2250b46fe738c77dbd25ce017d5e6fb35d3407606e7a4180656a5a6a",
                "sha256:cef128cb4d5e0b3493f058f10ce32365972c554572ff821e175dbc6f8ff6924f",
                "sha256:cf16e3cf6c0a5fdd9bc10c21687e19d29ad1fe863372b5543deaec1039581a30",
                "sha256:e56c744aa6ff427a607763346e4170629caf7e48ead6921745986db3692f987f",
                "sha256:e577934fc5f8779c554639376beeaa5657d54349096ef24abe8c74c5d9c117c3",
                "sha256:f2b0fa0c01d8a0c7483afd9f31d7ecf2d71760ca24499c8697aeb5ca37dc090c"
            ],
            "version": "==1.14.0"
        },
        "chardet": {
            "hashes": [
                "sha256:84ab92ed1c4d4f16916e05906b6b75a6c0fb5db821cc65e70cbd64a3e2a5eaae",
                "sha256:fc323ffcaeaed0e0a02bf4d117757b98aed530d9ed4531e3e15460124c106691"
            ],
            "version": "==3.0.4"
        },
        "cryptography": {
            "hashes": [
                "sha256:02079a6addc7b5140ba0825f542c0869ff4df9a69c360e339ecead5baefa843c",
                "sha256:1df22371fbf2004c6f64e927668734070a8953362cd8370ddd336774d6743595",
                "sha256:369d2346db5934345787451504853ad9d342d7f721ae82d098083e1f49a582ad",
                "sha256:3cda1f0ed8747339bbdf71b9f38ca74c7b592f24f65cdb3ab3765e4b02871651",
                "sha256:44ff04138935882fef7c686878e1c8fd80a723161ad6a98da31e14b7553170c2",
                "sha256:4b1030728872c59687badcca1e225a9103440e467c17d6d1730ab3d2d64bfeff",
                "sha256:58363dbd966afb4f89b3b11dfb8ff200058fbc3b947507675c19ceb46104b48d",
                "sha256:6ec280fb24d27e3d97aa731e16207d58bd8ae94ef6eab97249a2afe4ba643d42",
                "sha256:7270a6c29199adc1297776937a05b59720e8a782531f1f122f2eb8467f9aab4d",
                "sha256:73fd30c57fa2d0a1d7a49c561c40c2f79c7d6c374cc7750e9ac7c99176f6428e",
                "sha256:7f09806ed4fbea8f51585231ba742b58cbcfbfe823ea197d8c89a5e433c7e912",
                "sha256:90df0cc93e1f8d2fba8365fb59a858f51a11a394d64dbf3ef844f783844cc793",
                "sha256:971221ed40f058f5662a604bd1ae6e4521d84e6cad0b7b170564cc34169c8f13",
                "sha256:a518c153a2b5ed6b8cc03f7ae79d5ffad7315ad4569b2d5333a13c38d64bd8d7",
                "sha256:b0de590a8b0979649ebeef8bb9f54394d3a41f66c5584fff4220901739b6b2f0",
                "sha256:b43f53f29816ba1db8525f006fa6f49292e9b029554b3eb56a189a70f2a40879",
                "sha256:d31402aad60ed889c7e57934a03477b572a03af7794fa8fb1780f21ea8f6551f",
                "sha256:de96157ec73458a7f14e3d26f17f8128c959084931e8997b9e655a39c8fde9f9",
                "sha256:df6b4dca2e11865e6cfbfb708e800efb18370f5a46fd601d3755bc7f85b3a8a2",
                "sha256:ecadccc7ba52193963c0475ac9f6fa28ac01e01349a2ca48509667ef41ffd2cf",
                "sha256:fb81c17e0ebe3358486cd8cc3ad78adbae58af12fc2bf2bc0bb84e8090fa5ce8"
            ],
            "version": "==2.8"
        },
        "decorator": {
            "hashes": [
                "sha256:41fa54c2a0cc4ba648be4fd43cff00aedf5b9465c9bf18d64325bc225f08f760",
                "sha256:e3a62f0520172440ca0dcc823749319382e377f37f140a0b99ef45fecb84bfe7"
            ],
            "version": "==4.4.2"
        },
        "dj-database-url": {
            "hashes": [
                "sha256:4aeaeb1f573c74835b0686a2b46b85990571159ffc21aa57ecd4d1e1cb334163",
                "sha256:851785365761ebe4994a921b433062309eb882fedd318e1b0fcecc607ed02da9"
            ],
            "index": "pypi",
            "version": "==0.5.0"
        },
        "django": {
            "hashes": [
                "sha256:1226168be1b1c7efd0e66ee79b0e0b58b2caa7ed87717909cd8a57bb13a7079a",
                "sha256:9a4635813e2d498a3c01b10c701fe4a515d76dd290aaa792ccb65ca4ccb6b038"
            ],
            "index": "pypi",
            "version": "==2.2.10"
        },
        "django-appconf": {
            "hashes": [
                "sha256:1b1d0e1069c843ebe8ae5aa48ec52403b1440402b320c3e3a206a0907e97bb06",
                "sha256:be58deb54a43d77d2e1621fe59f787681376d3cd0b8bd8e4758ef6c3a6453380"
            ],
            "index": "pypi",
            "version": "==1.0.4"
        },
        "django-bootstrap3": {
            "hashes": [
                "sha256:760f8664a15f9e1e6e0495265cebd3d4c65b1026e93e476e8322f10e1375f0b8",
                "sha256:d161d23824fc2f43c18449285961b994fc3fe620d782b13240e382a7b233344a"
            ],
            "index": "pypi",
            "version": "==12.0.3"
        },
        "django-extensions": {
            "hashes": [
                "sha256:2f81b618ba4d1b0e58603e25012e5c74f88a4b706e0022a3b21f24f0322a6ce6",
                "sha256:b19182d101a441fe001c5753553a901e2ef3ff60e8fbbe38881eb4a61fdd17c4"
            ],
            "index": "pypi",
            "version": "==2.2.9"
        },
        "django-filter": {
            "hashes": [
                "sha256:558c727bce3ffa89c4a7a0b13bc8976745d63e5fd576b3a9a851650ef11c401b",
                "sha256:c3deb57f0dd7ff94d7dce52a047516822013e2b441bed472b722a317658cfd14"
            ],
            "index": "pypi",
            "version": "==2.2.0"
        },
        "django-material": {
            "hashes": [
                "sha256:502dc88c2f61f190fdc401666e83b47da00cbda98477af6ed8b7d43944ce6407",
                "sha256:f8758afe1beabc16a3c54f5437c7fea15946b7d068eedd89c97d57a363793950"
            ],
            "index": "pypi",
            "version": "==1.6.3"
        },
        "django-model-utils": {
            "hashes": [
                "sha256:9cf882e5b604421b62dbe57ad2b18464dc9c8f963fc3f9831badccae66c1139c",
                "sha256:adf09e5be15122a7f4e372cb5a6dd512bbf8d78a23a90770ad0983ee9d909061"
            ],
            "index": "pypi",
            "version": "==4.0.0"
        },
        "django-recaptcha": {
            "hashes": [
                "sha256:567784963fd5400feaf92e8951d8dbbbdb4b4c48a76e225d4baa63a2c9d2cd8c"
            ],
            "index": "pypi",
            "version": "==2.0.6"
        },
        "django-select2": {
            "hashes": [
                "sha256:1482be84449c254ec944c4da0a236b00ec57445304377b783850fd95b269d1ad",
                "sha256:b4cd3e8c42bdbdc582c38c03a23bc115a90c2f86563282329d37c567d8c34c36"
            ],
            "index": "pypi",
            "version": "==7.2.3"
        },
        "django-widget-tweaks": {
            "hashes": [
                "sha256:9f91ca4217199b7671971d3c1f323a2bec71a0c27dec6260b3c006fa541bc489",
                "sha256:f80bff4a8a59b278bb277a405a76a8b9a884e4bae7a6c70e78a39c626cd1c836"
            ],
            "index": "pypi",
            "version": "==1.4.8"
        },
        "future": {
            "hashes": [
                "sha256:b1bead90b70cf6ec3f0710ae53a525360fa360d306a86583adc6bf83a4db537d"
            ],
            "version": "==0.18.2"
        },
        "gunicorn": {
            "hashes": [
                "sha256:1904bb2b8a43658807108d59c3f3d56c2b6121a701161de0ddf9ad140073c626",
                "sha256:cd4a810dd51bf497552cf3f863b575dabd73d6ad6a91075b65936b151cbf4f9c"
            ],
            "index": "pypi",
            "version": "==20.0.4"
        },
        "idna": {
            "hashes": [
                "sha256:7588d1c14ae4c77d74036e8c22ff447b26d0fde8f007354fd48a7814db15b7cb",
                "sha256:a068a21ceac8a4d63dbfd964670474107f541babbd2250d61922f029858365fa"
            ],
            "version": "==2.9"
        },
        "mailchimp3": {
            "hashes": [
                "sha256:0647677b9d2f8b9c959562412d355a12eac3a4368ea10326584ab56669d8c066",
                "sha256:7ba8bc51cbce3c639e42a923efa7346cf1b1bfa2878fd23bd752a903b849e79e"
            ],
            "index": "pypi",
            "version": "==3.0.13"
        },
        "pillow": {
            "hashes": [
                "sha256:0a628977ac2e01ca96aaae247ec2bd38e729631ddf2221b4b715446fd45505be",
                "sha256:4d9ed9a64095e031435af120d3c910148067087541131e82b3e8db302f4c8946",
                "sha256:54ebae163e8412aff0b9df1e88adab65788f5f5b58e625dc5c7f51eaf14a6837",
                "sha256:5bfef0b1cdde9f33881c913af14e43db69815c7e8df429ceda4c70a5e529210f",
                "sha256:5f3546ceb08089cedb9e8ff7e3f6a7042bb5b37c2a95d392fb027c3e53a2da00",
                "sha256:5f7ae9126d16194f114435ebb79cc536b5682002a4fa57fa7bb2cbcde65f2f4d",
                "sha256:62a889aeb0a79e50ecf5af272e9e3c164148f4bd9636cc6bcfa182a52c8b0533",
                "sha256:7406f5a9b2fd966e79e6abdaf700585a4522e98d6559ce37fc52e5c955fade0a",
                "sha256:8453f914f4e5a3d828281a6628cf517832abfa13ff50679a4848926dac7c0358",
                "sha256:87269cc6ce1e3dee11f23fa515e4249ae678dbbe2704598a51cee76c52e19cda",
                "sha256:875358310ed7abd5320f21dd97351d62de4929b0426cdb1eaa904b64ac36b435",
                "sha256:8ac6ce7ff3892e5deaab7abaec763538ffd011f74dc1801d93d3c5fc541feee2",
                "sha256:91b710e3353aea6fc758cdb7136d9bbdcb26b53cefe43e2cba953ac3ee1d3313",
                "sha256:9d2ba4ed13af381233e2d810ff3bab84ef9f18430a9b336ab69eaf3cd24299ff",
                "sha256:a62ec5e13e227399be73303ff301f2865bf68657d15ea50b038d25fc41097317",
                "sha256:ab76e5580b0ed647a8d8d2d2daee170e8e9f8aad225ede314f684e297e3643c2",
                "sha256:bf4003aa538af3f4205c5fac56eacaa67a6dd81e454ffd9e9f055fff9f1bc614",
                "sha256:bf598d2e37cf8edb1a2f26ed3fb255191f5232badea4003c16301cb94ac5bdd0",
                "sha256:c18f70dc27cc5d236f10e7834236aff60aadc71346a5bc1f4f83a4b3abee6386",
                "sha256:c5ed816632204a2fc9486d784d8e0d0ae754347aba99c811458d69fcdfd2a2f9",
                "sha256:dc058b7833184970d1248135b8b0ab702e6daa833be14035179f2acb78ff5636",
                "sha256:ff3797f2f16bf9d17d53257612da84dd0758db33935777149b3334c01ff68865"
            ],
            "index": "pypi",
            "version": "==7.0.0"
        },
        "psycopg2-binary": {
            "hashes": [
                "sha256:040234f8a4a8dfd692662a8308d78f63f31a97e1c42d2480e5e6810c48966a29",
                "sha256:086f7e89ec85a6704db51f68f0dcae432eff9300809723a6e8782c41c2f48e03",
                "sha256:18ca813fdb17bc1db73fe61b196b05dd1ca2165b884dd5ec5568877cabf9b039",
                "sha256:19dc39616850342a2a6db70559af55b22955f86667b5f652f40c0e99253d9881",
                "sha256:2166e770cb98f02ed5ee2b0b569d40db26788e0bf2ec3ae1a0d864ea6f1d8309",
                "sha256:3a2522b1d9178575acee4adf8fd9f979f9c0449b00b4164bb63c3475ea6528ed",
                "sha256:3aa773580f85a28ffdf6f862e59cb5a3cc7ef6885121f2de3fca8d6ada4dbf3b",
                "sha256:3b5deaa3ee7180585a296af33e14c9b18c218d148e735c7accf78130765a47e3",
                "sha256:407af6d7e46593415f216c7f56ba087a9a42bd6dc2ecb86028760aa45b802bd7",
                "sha256:4c3c09fb674401f630626310bcaf6cd6285daf0d5e4c26d6e55ca26a2734e39b",
                "sha256:4c6717962247445b4f9e21c962ea61d2e884fc17df5ddf5e35863b016f8a1f03",
                "sha256:50446fae5681fc99f87e505d4e77c9407e683ab60c555ec302f9ac9bffa61103",
                "sha256:5057669b6a66aa9ca118a2a860159f0ee3acf837eda937bdd2a64f3431361a2d",
                "sha256:5dd90c5438b4f935c9d01fcbad3620253da89d19c1f5fca9158646407ed7df35",
                "sha256:659c815b5b8e2a55193ede2795c1e2349b8011497310bb936da7d4745652823b",
                "sha256:69b13fdf12878b10dc6003acc8d0abf3ad93e79813fd5f3812497c1c9fb9be49",
                "sha256:7a1cb80e35e1ccea3e11a48afe65d38744a0e0bde88795cc56a4d05b6e4f9d70",
                "sha256:7e6e3c52e6732c219c07bd97fff6c088f8df4dae3b79752ee3a817e6f32e177e",
                "sha256:7f42a8490c4fe854325504ce7a6e4796b207960dabb2cbafe3c3959cb00d1d7e",
                "sha256:84156313f258eafff716b2961644a4483a9be44a5d43551d554844d15d4d224e",
                "sha256:8578d6b8192e4c805e85f187bc530d0f52ba86c39172e61cd51f68fddd648103",
                "sha256:890167d5091279a27e2505ff0e1fb273f8c48c41d35c5b92adbf4af80e6b2ed6",
                "sha256:98e10634792ac0e9e7a92a76b4991b44c2325d3e7798270a808407355e7bb0a1",
                "sha256:9aadff9032e967865f9778485571e93908d27dab21d0fdfdec0ca779bb6f8ad9",
                "sha256:9f24f383a298a0c0f9b3113b982e21751a8ecde6615494a3f1470eb4a9d70e9e",
                "sha256:a73021b44813b5c84eda4a3af5826dd72356a900bac9bd9dd1f0f81ee1c22c2f",
                "sha256:afd96845e12638d2c44d213d4810a08f4dc4a563f9a98204b7428e567014b1cd",
                "sha256:b73ddf033d8cd4cc9dfed6324b1ad2a89ba52c410ef6877998422fcb9c23e3a8",
                "sha256:b8f490f5fad1767a1331df1259763b3bad7d7af12a75b950c2843ba319b2415f",
                "sha256:dbc5cd56fff1a6152ca59445178652756f4e509f672e49ccdf3d79c1043113a4",
                "sha256:eac8a3499754790187bb00574ab980df13e754777d346f85e0ff6df929bcd964",
                "sha256:eaed1c65f461a959284649e37b5051224f4db6ebdc84e40b5e65f2986f101a08"
            ],
            "index": "pypi",
            "version": "==2.8.4"
        },
        "pycparser": {
            "hashes": [
                "sha256:2d475327684562c3a96cc71adf7dc8c4f0565175cf86b6d7a404ff4c771f15f0",
                "sha256:7582ad22678f0fcd81102833f60ef8d0e57288b6b5fb00323d101be910e35705"
            ],
            "version": "==2.20"
        },
        "python-dateutil": {
            "hashes": [
                "sha256:73ebfe9dbf22e832286dafa60473e4cd239f8592f699aa5adaf10050e6e1823c",
                "sha256:75bb3f31ea686f1197762692a9ee6a7550b59fc6ca3a1f4b5d7e32fb98e2da2a"
            ],
            "index": "pypi",
            "version": "==2.8.1"
        },
        "python-decouple": {
            "hashes": [
                "sha256:55c546b85b0c47a15a47a4312d451a437f7344a9be3e001660bccd93b637de95"
            ],
            "index": "pypi",
            "version": "==3.3"
        },
        "python-http-client": {
            "hashes": [
                "sha256:c26604194cd5b3f6a8c4d88302bd1ba818c4ffcd043e33540e1409894a456d15"
            ],
            "version": "==3.2.6"
        },
        "python-telegram-bot": {
            "hashes": [
                "sha256:6d69fb04dc8d83e01cb25a0d83aaa2a1a4b7d5b14cd38b9f8922a567b4a4a510",
                "sha256:af36fbf051415ded8b2633f27b71d292efcd85d58a647a1f138db191380144ff"
            ],
            "index": "pypi",
            "version": "==12.5.1"
        },
        "pytz": {
            "hashes": [
                "sha256:1c557d7d0e871de1f5ccd5833f60fb2550652da6be2693c1e02300743d21500d",
                "sha256:b02c06db6cf09c12dd25137e563b31700d3b80fcc4ad23abb7a315f2789819be"
            ],
            "index": "pypi",
            "version": "==2019.3"
        },
        "raven": {
            "hashes": [
                "sha256:3fa6de6efa2493a7c827472e984ce9b020797d0da16f1db67197bcc23c8fae54",
                "sha256:44a13f87670836e153951af9a3c80405d36b43097db869a36e92809673692ce4"
            ],
            "index": "pypi",
            "version": "==6.10.0"
        },
        "requests": {
            "hashes": [
                "sha256:43999036bfa82904b6af1d99e4882b560e5e2c68e5c4b0aa03b655f3d7d73fee",
                "sha256:b3f43d496c6daba4493e7c431722aeb7dbc6288f52a6e04e7b6023b0247817e6"
            ],
            "index": "pypi",
            "version": "==2.23.0"
        },
        "restless": {
            "hashes": [
                "sha256:f66b590cd1a248fd60a7f6540dff318a180bcbf073eefa16ac5ea978c161087b"
            ],
            "index": "pypi",
            "version": "==2.1.1"
        },
        "sendgrid": {
            "hashes": [
                "sha256:9fba62068dd13922004b6a1676e21c6435709aaf7c2b978cdf1206e3d2196c60",
                "sha256:d1af52f8cbb900bf79e28aa08102a503f5e26489c7b9f1d9750758a4b27c84d1"
            ],
            "index": "pypi",
            "version": "==3.6.5"
        },
        "sendgrid-django": {
            "hashes": [
                "sha256:fef60ba37d588e5e1c4dcbb3b8b7f8c16920e3e89432de357f6abd6157c4f5f4"
            ],
            "index": "pypi",
            "version": "==4.2.0"
        },
        "six": {
            "hashes": [
                "sha256:236bdbdce46e6e6a3d61a337c0f8b763ca1e8717c03b369e87a7ec7ce1319c0a",
                "sha256:8f3cd2e254d8f793e7f3d6d9df77b92252b52637291d0f0da013c76ea2724b6c"
            ],
            "version": "==1.14.0"
        },
        "sqlparse": {
            "hashes": [
                "sha256:022fb9c87b524d1f7862b3037e541f68597a730a8843245c349fc93e1643dc4e",
                "sha256:e162203737712307dfe78860cc56c8da8a852ab2ee33750e33aeadf38d12c548"
            ],
            "version": "==0.3.1"
        },
        "swapper": {
            "hashes": [
                "sha256:51651018fb027354dd27ff38d5eb47a225d3e642c99b04cff878ae65b1872f64",
                "sha256:f3bc7b77b76daf46fcbd41fda9b2f599974ac8c564e129f2a9bae73871c4116e"
            ],
            "version": "==1.1.2.post1"
        },
        "tornado": {
            "hashes": [
                "sha256:0fe2d45ba43b00a41cd73f8be321a44936dc1aba233dee979f17a042b83eb6dc",
                "sha256:22aed82c2ea340c3771e3babc5ef220272f6fd06b5108a53b4976d0d722bcd52",
                "sha256:2c027eb2a393d964b22b5c154d1a23a5f8727db6fda837118a776b29e2b8ebc6",
                "sha256:5217e601700f24e966ddab689f90b7ea4bd91ff3357c3600fa1045e26d68e55d",
                "sha256:5618f72e947533832cbc3dec54e1dffc1747a5cb17d1fd91577ed14fa0dc081b",
                "sha256:5f6a07e62e799be5d2330e68d808c8ac41d4a259b9cea61da4101b83cb5dc673",
                "sha256:c58d56003daf1b616336781b26d184023ea4af13ae143d9dda65e31e534940b9",
                "sha256:c952975c8ba74f546ae6de2e226ab3cc3cc11ae47baf607459a6728585bb542a",
                "sha256:c98232a3ac391f5faea6821b53db8db461157baa788f5d6222a193e9456e1740"
            ],
            "version": "==6.0.4"
        },
        "tqdm": {
            "hashes": [
                "sha256:03d2366c64d44c7f61e74c700d9b202d57e9efe355ea5c28814c52bfe7a50b8c",
                "sha256:be5ddeec77d78ba781ea41eacb2358a77f74cc2407f54b82222d7ee7dc8c8ccf"
            ],
            "index": "pypi",
            "version": "==4.44.1"
        },
        "urllib3": {
            "hashes": [
                "sha256:2f3db8b19923a873b3e5256dc9c2dedfa883e33d87c690d9c7913e1f40673cdc",
                "sha256:87716c2d2a7121198ebcb7ce7cccf6ce5e9ba539041cfbaeecfb641dc0bf6acc"
            ],
            "version": "==1.25.8"
        },
        "whitenoise": {
            "hashes": [
                "sha256:0f9137f74bd95fa54329ace88d8dc695fbe895369a632e35f7a136e003e41d73",
                "sha256:62556265ec1011bd87113fb81b7516f52688887b7a010ee899ff1fd18fd22700"
            ],
            "index": "pypi",
            "version": "==5.0.1"
        }
    },
    "develop": {
        "appdirs": {
            "hashes": [
                "sha256:9e5896d1372858f8dd3344faf4e5014d21849c756c8d5701f78f8a103b372d92",
                "sha256:d8b24664561d0d34ddfaec54636d502d7cea6e29c3eaf68f3df6180863e2166e"
            ],
            "version": "==1.4.3"
        },
        "appnope": {
            "hashes": [
                "sha256:5b26757dc6f79a3b7dc9fab95359328d5747fcb2409d331ea66d0272b90ab2a0",
                "sha256:8b995ffe925347a2138d7ac0fe77155e4311a0ea6d6da4f5128fe4b3cbe5ed71"
            ],
            "markers": "sys_platform == 'darwin'",
            "version": "==0.1.0"
        },
        "asgiref": {
            "hashes": [
                "sha256:8036f90603c54e93521e5777b2b9a39ba1bad05773fcf2d208f0299d1df58ce5",
                "sha256:9ca8b952a0a9afa61d30aa6d3d9b570bb3fd6bafcf7ec9e6bed43b936133db1c"
            ],
            "version": "==3.2.7"
        },
        "attrs": {
            "hashes": [
                "sha256:08a96c641c3a74e44eb59afb61a24f2cb9f4d7188748e76ba4bb5edfa3cb7d1c",
                "sha256:f7b7ce16570fe9965acd6d30101a28f62fb4a7f9e926b3bbc9b61f8b04247e72"
            ],
            "version": "==19.3.0"
        },
        "backcall": {
            "hashes": [
                "sha256:38ecd85be2c1e78f77fd91700c76e14667dc21e2713b63876c0eb901196e01e4",
                "sha256:bbbf4b1e5cd2bdb08f915895b51081c041bac22394fdfcfdfbe9f14b77c08bf2"
            ],
            "version": "==0.1.0"
        },
        "black": {
            "hashes": [
                "sha256:1b30e59be925fafc1ee4565e5e08abef6b03fe455102883820fe5ee2e4734e0b",
                "sha256:c2edb73a08e9e0e6f65a0e6af18b059b8b1cdd5bef997d7a0b181df93dc81539"
            ],
            "index": "pypi",
            "version": "==19.10b0"
        },
        "certifi": {
            "hashes": [
                "sha256:017c25db2a153ce562900032d5bc68e9f191e44e9a0f762f373977de9df1fbb3",
                "sha256:25b64c7da4cd7479594d035c08c2d809eb4aab3a26e5a990ea98cc450c320f1f"
            ],
            "version": "==2019.11.28"
        },
        "chardet": {
            "hashes": [
                "sha256:84ab92ed1c4d4f16916e05906b6b75a6c0fb5db821cc65e70cbd64a3e2a5eaae",
                "sha256:fc323ffcaeaed0e0a02bf4d117757b98aed530d9ed4531e3e15460124c106691"
            ],
            "version": "==3.0.4"
        },
        "click": {
            "hashes": [
                "sha256:8a18b4ea89d8820c5d0c7da8a64b2c324b4dabb695804dbfea19b9be9d88c0cc",
                "sha256:e345d143d80bf5ee7534056164e5e112ea5e22716bbb1ce727941f4c8b471b9a"
            ],
            "version": "==7.1.1"
        },
        "coverage": {
            "hashes": [
                "sha256:03f630aba2b9b0d69871c2e8d23a69b7fe94a1e2f5f10df5049c0df99db639a0",
                "sha256:046a1a742e66d065d16fb564a26c2a15867f17695e7f3d358d7b1ad8a61bca30",
                "sha256:0a907199566269e1cfa304325cc3b45c72ae341fbb3253ddde19fa820ded7a8b",
                "sha256:165a48268bfb5a77e2d9dbb80de7ea917332a79c7adb747bd005b3a07ff8caf0",
                "sha256:1b60a95fc995649464e0cd48cecc8288bac5f4198f21d04b8229dc4097d76823",
                "sha256:1f66cf263ec77af5b8fe14ef14c5e46e2eb4a795ac495ad7c03adc72ae43fafe",
                "sha256:2e08c32cbede4a29e2a701822291ae2bc9b5220a971bba9d1e7615312efd3037",
                "sha256:3844c3dab800ca8536f75ae89f3cf566848a3eb2af4d9f7b1103b4f4f7a5dad6",
                "sha256:408ce64078398b2ee2ec08199ea3fcf382828d2f8a19c5a5ba2946fe5ddc6c31",
                "sha256:443be7602c790960b9514567917af538cac7807a7c0c0727c4d2bbd4014920fd",
                "sha256:4482f69e0701139d0f2c44f3c395d1d1d37abd81bfafbf9b6efbe2542679d892",
                "sha256:4a8a259bf990044351baf69d3b23e575699dd60b18460c71e81dc565f5819ac1",
                "sha256:513e6526e0082c59a984448f4104c9bf346c2da9961779ede1fc458e8e8a1f78",
                "sha256:5f587dfd83cb669933186661a351ad6fc7166273bc3e3a1531ec5c783d997aac",
                "sha256:62061e87071497951155cbccee487980524d7abea647a1b2a6eb6b9647df9006",
                "sha256:641e329e7f2c01531c45c687efcec8aeca2a78a4ff26d49184dce3d53fc35014",
                "sha256:65a7e00c00472cd0f59ae09d2fb8a8aaae7f4a0cf54b2b74f3138d9f9ceb9cb2",
                "sha256:6ad6ca45e9e92c05295f638e78cd42bfaaf8ee07878c9ed73e93190b26c125f7",
                "sha256:73aa6e86034dad9f00f4bbf5a666a889d17d79db73bc5af04abd6c20a014d9c8",
                "sha256:7c9762f80a25d8d0e4ab3cb1af5d9dffbddb3ee5d21c43e3474c84bf5ff941f7",
                "sha256:85596aa5d9aac1bf39fe39d9fa1051b0f00823982a1de5766e35d495b4a36ca9",
                "sha256:86a0ea78fd851b313b2e712266f663e13b6bc78c2fb260b079e8b67d970474b1",
                "sha256:8a620767b8209f3446197c0e29ba895d75a1e272a36af0786ec70fe7834e4307",
                "sha256:922fb9ef2c67c3ab20e22948dcfd783397e4c043a5c5fa5ff5e9df5529074b0a",
                "sha256:9fad78c13e71546a76c2f8789623eec8e499f8d2d799f4b4547162ce0a4df435",
                "sha256:a37c6233b28e5bc340054cf6170e7090a4e85069513320275a4dc929144dccf0",
                "sha256:c3fc325ce4cbf902d05a80daa47b645d07e796a80682c1c5800d6ac5045193e5",
                "sha256:cda33311cb9fb9323958a69499a667bd728a39a7aa4718d7622597a44c4f1441",
                "sha256:db1d4e38c9b15be1521722e946ee24f6db95b189d1447fa9ff18dd16ba89f732",
                "sha256:eda55e6e9ea258f5e4add23bcf33dc53b2c319e70806e180aecbff8d90ea24de",
                "sha256:f372cdbb240e09ee855735b9d85e7f50730dcfb6296b74b95a3e5dea0615c4c1"
            ],
            "index": "pypi",
            "version": "==5.0.4"
        },
        "decorator": {
            "hashes": [
                "sha256:41fa54c2a0cc4ba648be4fd43cff00aedf5b9465c9bf18d64325bc225f08f760",
                "sha256:e3a62f0520172440ca0dcc823749319382e377f37f140a0b99ef45fecb84bfe7"
            ],
            "version": "==4.4.2"
        },
        "django": {
            "hashes": [
                "sha256:1226168be1b1c7efd0e66ee79b0e0b58b2caa7ed87717909cd8a57bb13a7079a",
                "sha256:9a4635813e2d498a3c01b10c701fe4a515d76dd290aaa792ccb65ca4ccb6b038"
            ],
            "index": "pypi",
            "version": "==2.2.10"
        },
        "freezegun": {
            "hashes": [
                "sha256:82c757a05b7c7ca3e176bfebd7d6779fd9139c7cb4ef969c38a28d74deef89b2",
                "sha256:e2062f2c7f95cc276a834c22f1a17179467176b624cc6f936e8bc3be5535ad1b"
            ],
            "index": "pypi",
            "version": "==0.3.15"
        },
        "idna": {
            "hashes": [
                "sha256:7588d1c14ae4c77d74036e8c22ff447b26d0fde8f007354fd48a7814db15b7cb",
                "sha256:a068a21ceac8a4d63dbfd964670474107f541babbd2250d61922f029858365fa"
            ],
            "version": "==2.9"
        },
        "ipdb": {
            "hashes": [
                "sha256:77fb1c2a6fccdfee0136078c9ed6fe547ab00db00bebff181f1e8c9e13418d49"
            ],
            "index": "pypi",
            "version": "==0.13.2"
        },
        "ipython": {
            "hashes": [
                "sha256:ca478e52ae1f88da0102360e57e528b92f3ae4316aabac80a2cd7f7ab2efb48a",
                "sha256:eb8d075de37f678424527b5ef6ea23f7b80240ca031c2dd6de5879d687a65333"
            ],
            "index": "pypi",
            "version": "==7.13.0"
        },
        "ipython-genutils": {
            "hashes": [
                "sha256:72dd37233799e619666c9f639a9da83c34013a73e8bbc79a7a6348d93c61fab8",
                "sha256:eb2e116e75ecef9d4d228fdc66af54269afa26ab4463042e33785b887c628ba8"
            ],
            "version": "==0.2.0"
        },
        "isort": {
            "hashes": [
                "sha256:54da7e92468955c4fceacd0c86bd0ec997b0e1ee80d97f67c35a78b719dccab1",
                "sha256:6e811fcb295968434526407adb8796944f1988c5b65e8139058f2014cbe100fd"
            ],
            "index": "pypi",
            "version": "==4.3.21"
        },
        "jedi": {
            "hashes": [
                "sha256:b4f4052551025c6b0b0b193b29a6ff7bdb74c52450631206c262aef9f7159ad2",
                "sha256:d5c871cb9360b414f981e7072c52c33258d598305280fef91c6cae34739d65d5"
            ],
            "version": "==0.16.0"
        },
        "model-mommy": {
            "hashes": [
                "sha256:3d332afce941c57f1990f45b083ba13252ba74fcd1ae43fd047e5af7a70fb312",
                "sha256:40d6e740aad7509e696a324b94cf2b0a104da93c3d4a7924cea1be3d0eb95b4f"
            ],
            "index": "pypi",
            "version": "==2.0.0"
        },
        "nose": {
            "hashes": [
                "sha256:9ff7c6cc443f8c51994b34a667bbcf45afd6d945be7477b52e97516fd17c53ac",
                "sha256:dadcddc0aefbf99eea214e0f1232b94f2fa9bd98fa8353711dacb112bfcbbb2a",
                "sha256:f1bffef9cbc82628f6e7d7b40d7e255aefaa1adb6a1b1d26c69a8b79e6208a98"
            ],
            "index": "pypi",
            "version": "==1.3.7"
        },
        "parso": {
            "hashes": [
                "sha256:0c5659e0c6eba20636f99a04f469798dca8da279645ce5c387315b2c23912157",
                "sha256:8515fc12cfca6ee3aa59138741fc5624d62340c97e401c74875769948d4f2995"
            ],
            "version": "==0.6.2"
        },
        "pathspec": {
            "hashes": [
                "sha256:163b0632d4e31cef212976cf57b43d9fd6b0bac6e67c26015d611a647d5e7424",
                "sha256:562aa70af2e0d434367d9790ad37aed893de47f1693e4201fd1d3dca15d19b96"
            ],
            "version": "==0.7.0"
        },
        "pexpect": {
            "hashes": [
                "sha256:0b48a55dcb3c05f3329815901ea4fc1537514d6ba867a152b581d69ae3710937",
                "sha256:fc65a43959d153d0114afe13997d439c22823a27cefceb5ff35c2178c6784c0c"
            ],
            "markers": "sys_platform != 'win32'",
            "version": "==4.8.0"
        },
        "pickleshare": {
            "hashes": [
                "sha256:87683d47965c1da65cdacaf31c8441d12b8044cdec9aca500cd78fc2c683afca",
                "sha256:9649af414d74d4df115d5d718f82acb59c9d418196b7b4290ed47a12ce62df56"
            ],
            "version": "==0.7.5"
        },
        "prompt-toolkit": {
            "hashes": [
                "sha256:563d1a4140b63ff9dd587bda9557cffb2fe73650205ab6f4383092fb882e7dc8",
                "sha256:df7e9e63aea609b1da3a65641ceaf5bc7d05e0a04de5bd45d05dbeffbabf9e04"
            ],
            "version": "==3.0.5"
        },
        "ptyprocess": {
            "hashes": [
                "sha256:923f299cc5ad920c68f2bc0bc98b75b9f838b93b599941a6b63ddbc2476394c0",
                "sha256:d7cc528d76e76342423ca640335bd3633420dc1366f258cb31d05e865ef5ca1f"
            ],
            "version": "==0.6.0"
        },
        "pygments": {
            "hashes": [
                "sha256:647344a061c249a3b74e230c739f434d7ea4d8b1d5f3721bc0f3558049b38f44",
                "sha256:ff7a40b4860b727ab48fad6360eb351cc1b33cbf9b15a0f689ca5353e9463324"
            ],
            "version": "==2.6.1"
        },
        "python-dateutil": {
            "hashes": [
                "sha256:73ebfe9dbf22e832286dafa60473e4cd239f8592f699aa5adaf10050e6e1823c",
                "sha256:75bb3f31ea686f1197762692a9ee6a7550b59fc6ca3a1f4b5d7e32fb98e2da2a"
            ],
            "index": "pypi",
            "version": "==2.8.1"
        },
        "pytz": {
            "hashes": [
                "sha256:1c557d7d0e871de1f5ccd5833f60fb2550652da6be2693c1e02300743d21500d",
                "sha256:b02c06db6cf09c12dd25137e563b31700d3b80fcc4ad23abb7a315f2789819be"
            ],
            "index": "pypi",
            "version": "==2019.3"
        },
        "regex": {
            "hashes": [
                "sha256:01b2d70cbaed11f72e57c1cfbaca71b02e3b98f739ce33f5f26f71859ad90431",
                "sha256:046e83a8b160aff37e7034139a336b660b01dbfe58706f9d73f5cdc6b3460242",
                "sha256:113309e819634f499d0006f6200700c8209a2a8bf6bd1bdc863a4d9d6776a5d1",
                "sha256:200539b5124bc4721247a823a47d116a7a23e62cc6695744e3eb5454a8888e6d",
                "sha256:25f4ce26b68425b80a233ce7b6218743c71cf7297dbe02feab1d711a2bf90045",
                "sha256:269f0c5ff23639316b29f31df199f401e4cb87529eafff0c76828071635d417b",
                "sha256:5de40649d4f88a15c9489ed37f88f053c15400257eeb18425ac7ed0a4e119400",
                "sha256:7f78f963e62a61e294adb6ff5db901b629ef78cb2a1cfce3cf4eeba80c1c67aa",
                "sha256:82469a0c1330a4beb3d42568f82dffa32226ced006e0b063719468dcd40ffdf0",
                "sha256:8c2b7fa4d72781577ac45ab658da44c7518e6d96e2a50d04ecb0fd8f28b21d69",
                "sha256:974535648f31c2b712a6b2595969f8ab370834080e00ab24e5dbb9d19b8bfb74",
                "sha256:99272d6b6a68c7ae4391908fc15f6b8c9a6c345a46b632d7fdb7ef6c883a2bbb",
                "sha256:9b64a4cc825ec4df262050c17e18f60252cdd94742b4ba1286bcfe481f1c0f26",
                "sha256:9e9624440d754733eddbcd4614378c18713d2d9d0dc647cf9c72f64e39671be5",
                "sha256:9ff16d994309b26a1cdf666a6309c1ef51ad4f72f99d3392bcd7b7139577a1f2",
                "sha256:b33ebcd0222c1d77e61dbcd04a9fd139359bded86803063d3d2d197b796c63ce",
                "sha256:bba52d72e16a554d1894a0cc74041da50eea99a8483e591a9edf1025a66843ab",
                "sha256:bed7986547ce54d230fd8721aba6fd19459cdc6d315497b98686d0416efaff4e",
                "sha256:c7f58a0e0e13fb44623b65b01052dae8e820ed9b8b654bb6296bc9c41f571b70",
                "sha256:d58a4fa7910102500722defbde6e2816b0372a4fcc85c7e239323767c74f5cbc",
                "sha256:f1ac2dc65105a53c1c2d72b1d3e98c2464a133b4067a51a3d2477b28449709a0"
            ],
            "version": "==2020.2.20"
        },
        "requests": {
            "hashes": [
                "sha256:43999036bfa82904b6af1d99e4882b560e5e2c68e5c4b0aa03b655f3d7d73fee",
                "sha256:b3f43d496c6daba4493e7c431722aeb7dbc6288f52a6e04e7b6023b0247817e6"
            ],
            "index": "pypi",
            "version": "==2.23.0"
        },
        "responses": {
            "hashes": [
                "sha256:0474ce3c897fbcc1aef286117c93499882d5c440f06a805947e4b1cb5ab3d474",
                "sha256:f83613479a021e233e82d52ffb3e2e0e2836d24b0cc88a0fa31978789f78d0e5"
            ],
            "index": "pypi",
            "version": "==0.10.12"
        },
        "six": {
            "hashes": [
                "sha256:236bdbdce46e6e6a3d61a337c0f8b763ca1e8717c03b369e87a7ec7ce1319c0a",
                "sha256:8f3cd2e254d8f793e7f3d6d9df77b92252b52637291d0f0da013c76ea2724b6c"
            ],
            "version": "==1.14.0"
        },
        "sqlparse": {
            "hashes": [
                "sha256:022fb9c87b524d1f7862b3037e541f68597a730a8843245c349fc93e1643dc4e",
                "sha256:e162203737712307dfe78860cc56c8da8a852ab2ee33750e33aeadf38d12c548"
            ],
            "version": "==0.3.1"
        },
        "toml": {
            "hashes": [
                "sha256:229f81c57791a41d65e399fc06bf0848bab550a9dfd5ed66df18ce5f05e73d5c",
                "sha256:235682dd292d5899d361a811df37e04a8828a5b1da3115886b73cf81ebc9100e"
            ],
            "version": "==0.10.0"
        },
        "traitlets": {
            "hashes": [
                "sha256:70b4c6a1d9019d7b4f6846832288f86998aa3b9207c6821f3578a6a6a467fe44",
                "sha256:d023ee369ddd2763310e4c3eae1ff649689440d4ae59d7485eb4cfbbe3e359f7"
            ],
            "version": "==4.3.3"
        },
        "typed-ast": {
            "hashes": [
                "sha256:0666aa36131496aed8f7be0410ff974562ab7eeac11ef351def9ea6fa28f6355",
                "sha256:0c2c07682d61a629b68433afb159376e24e5b2fd4641d35424e462169c0a7919",
                "sha256:249862707802d40f7f29f6e1aad8d84b5aa9e44552d2cc17384b209f091276aa",
                "sha256:24995c843eb0ad11a4527b026b4dde3da70e1f2d8806c99b7b4a7cf491612652",
                "sha256:269151951236b0f9a6f04015a9004084a5ab0d5f19b57de779f908621e7d8b75",
                "sha256:4083861b0aa07990b619bd7ddc365eb7fa4b817e99cf5f8d9cf21a42780f6e01",
                "sha256:498b0f36cc7054c1fead3d7fc59d2150f4d5c6c56ba7fb150c013fbc683a8d2d",
                "sha256:4e3e5da80ccbebfff202a67bf900d081906c358ccc3d5e3c8aea42fdfdfd51c1",
                "sha256:6daac9731f172c2a22ade6ed0c00197ee7cc1221aa84cfdf9c31defeb059a907",
                "sha256:715ff2f2df46121071622063fc7543d9b1fd19ebfc4f5c8895af64a77a8c852c",
                "sha256:73d785a950fc82dd2a25897d525d003f6378d1cb23ab305578394694202a58c3",
                "sha256:8c8aaad94455178e3187ab22c8b01a3837f8ee50e09cf31f1ba129eb293ec30b",
                "sha256:8ce678dbaf790dbdb3eba24056d5364fb45944f33553dd5869b7580cdbb83614",
                "sha256:aaee9905aee35ba5905cfb3c62f3e83b3bec7b39413f0a7f19be4e547ea01ebb",
                "sha256:bcd3b13b56ea479b3650b82cabd6b5343a625b0ced5429e4ccad28a8973f301b",
                "sha256:c9e348e02e4d2b4a8b2eedb48210430658df6951fa484e59de33ff773fbd4b41",
                "sha256:d205b1b46085271b4e15f670058ce182bd1199e56b317bf2ec004b6a44f911f6",
                "sha256:d43943ef777f9a1c42bf4e552ba23ac77a6351de620aa9acf64ad54933ad4d34",
                "sha256:d5d33e9e7af3b34a40dc05f498939f0ebf187f07c385fd58d591c533ad8562fe",
                "sha256:fc0fea399acb12edbf8a628ba8d2312f583bdbdb3335635db062fa98cf71fca4",
                "sha256:fe460b922ec15dd205595c9b5b99e2f056fd98ae8f9f56b888e7a17dc2b757e7"
            ],
            "version": "==1.4.1"
        },
        "urllib3": {
            "hashes": [
                "sha256:2f3db8b19923a873b3e5256dc9c2dedfa883e33d87c690d9c7913e1f40673cdc",
                "sha256:87716c2d2a7121198ebcb7ce7cccf6ce5e9ba539041cfbaeecfb641dc0bf6acc"
            ],
            "version": "==1.25.8"
        },
        "wcwidth": {
            "hashes": [
                "sha256:cafe2186b3c009a04067022ce1dcd79cb38d8d65ee4f4791b8888d6599d1bbe1",
                "sha256:ee73862862a156bf77ff92b09034fc4825dd3af9cf81bc5b360668d425f3c5f1"
            ],
            "version": "==0.1.9"
        }
    }
}
